
Microsoft Visual Studio Solution File, Format Version 12.00
# Visual Studio 2015
Project("{FAE04EC0-301F-11D3-BF4B-00C04F79EFBC}") = "CART415.CSharp", "CART415.CSharp.csproj", "{035BDCA9-7D6C-1675-4AC6-0D1F757EF943}"
EndProject
Project("{FAE04EC0-301F-11D3-BF4B-00C04F79EFBC}") = "CART415.CSharp.Plugins", "CART415.CSharp.Plugins.csproj", "{ADD450C1-AA8A-E5DF-27C3-6189CEAA891F}"
EndProject
Project("{FAE04EC0-301F-11D3-BF4B-00C04F79EFBC}") = "CART415.CSharp.Editor", "CART415.CSharp.Editor.csproj", "{84E3EFF1-C33D-C28A-55F3-04FC495170D9}"
EndProject
Global
	GlobalSection(SolutionConfigurationPlatforms) = preSolution
		Debug|Any CPU = Debug|Any CPU
		Release|Any CPU = Release|Any CPU
	EndGlobalSection
	GlobalSection(ProjectConfigurationPlatforms) = postSolution
		{035BDCA9-7D6C-1675-4AC6-0D1F757EF943}.Debug|Any CPU.ActiveCfg = Debug|Any CPU
		{035BDCA9-7D6C-1675-4AC6-0D1F757EF943}.Debug|Any CPU.Build.0 = Debug|Any CPU
		{035BDCA9-7D6C-1675-4AC6-0D1F757EF943}.Release|Any CPU.ActiveCfg = Release|Any CPU
		{035BDCA9-7D6C-1675-4AC6-0D1F757EF943}.Release|Any CPU.Build.0 = Release|Any CPU
		{ADD450C1-AA8A-E5DF-27C3-6189CEAA891F}.Debug|Any CPU.ActiveCfg = Debug|Any CPU
		{ADD450C1-AA8A-E5DF-27C3-6189CEAA891F}.Debug|Any CPU.Build.0 = Debug|Any CPU
		{ADD450C1-AA8A-E5DF-27C3-6189CEAA891F}.Release|Any CPU.ActiveCfg = Release|Any CPU
		{ADD450C1-AA8A-E5DF-27C3-6189CEAA891F}.Release|Any CPU.Build.0 = Release|Any CPU
		{84E3EFF1-C33D-C28A-55F3-04FC495170D9}.Debug|Any CPU.ActiveCfg = Debug|Any CPU
		{84E3EFF1-C33D-C28A-55F3-04FC495170D9}.Debug|Any CPU.Build.0 = Debug|Any CPU
		{84E3EFF1-C33D-C28A-55F3-04FC495170D9}.Release|Any CPU.ActiveCfg = Release|Any CPU
		{84E3EFF1-C33D-C28A-55F3-04FC495170D9}.Release|Any CPU.Build.0 = Release|Any CPU
	EndGlobalSection
	GlobalSection(SolutionProperties) = preSolution
		HideSolutionNode = FALSE
	EndGlobalSection
EndGlobal
