
Microsoft Visual Studio Solution File, Format Version 11.00
# Visual Studio 2010
Project("{FAE04EC0-301F-11D3-BF4B-00C04F79EFBC}") = "CART415-Sound-Prototype", "Assembly-CSharp.csproj", "{71484BAC-D847-A408-B716-14B57CD09C57}"
EndProject
Project("{FAE04EC0-301F-11D3-BF4B-00C04F79EFBC}") = "CART415-Sound-Prototype", "Assembly-CSharp-firstpass.csproj", "{52895428-B873-4894-7F87-9B6929C69112}"
EndProject
Project("{FAE04EC0-301F-11D3-BF4B-00C04F79EFBC}") = "CART415-Sound-Prototype", "Assembly-CSharp-Editor-firstpass.csproj", "{17DFEF0D-311C-6ED6-BAA9-563F3DDD50E5}"
EndProject
Project("{FAE04EC0-301F-11D3-BF4B-00C04F79EFBC}") = "CART415-Sound-Prototype", "Assembly-CSharp-Editor.csproj", "{C4F9BB20-04CB-1DF7-AB4A-C2F46D21B27A}"
EndProject
Global
	GlobalSection(SolutionConfigurationPlatforms) = preSolution
		Debug|Any CPU = Debug|Any CPU
		Release|Any CPU = Release|Any CPU
	EndGlobalSection
	GlobalSection(ProjectConfigurationPlatforms) = postSolution
		{71484BAC-D847-A408-B716-14B57CD09C57}.Debug|Any CPU.ActiveCfg = Debug|Any CPU
		{71484BAC-D847-A408-B716-14B57CD09C57}.Debug|Any CPU.Build.0 = Debug|Any CPU
		{71484BAC-D847-A408-B716-14B57CD09C57}.Release|Any CPU.ActiveCfg = Release|Any CPU
		{71484BAC-D847-A408-B716-14B57CD09C57}.Release|Any CPU.Build.0 = Release|Any CPU
		{52895428-B873-4894-7F87-9B6929C69112}.Debug|Any CPU.ActiveCfg = Debug|Any CPU
		{52895428-B873-4894-7F87-9B6929C69112}.Debug|Any CPU.Build.0 = Debug|Any CPU
		{52895428-B873-4894-7F87-9B6929C69112}.Release|Any CPU.ActiveCfg = Release|Any CPU
		{52895428-B873-4894-7F87-9B6929C69112}.Release|Any CPU.Build.0 = Release|Any CPU
		{17DFEF0D-311C-6ED6-BAA9-563F3DDD50E5}.Debug|Any CPU.ActiveCfg = Debug|Any CPU
		{17DFEF0D-311C-6ED6-BAA9-563F3DDD50E5}.Debug|Any CPU.Build.0 = Debug|Any CPU
		{17DFEF0D-311C-6ED6-BAA9-563F3DDD50E5}.Release|Any CPU.ActiveCfg = Release|Any CPU
		{17DFEF0D-311C-6ED6-BAA9-563F3DDD50E5}.Release|Any CPU.Build.0 = Release|Any CPU
		{C4F9BB20-04CB-1DF7-AB4A-C2F46D21B27A}.Debug|Any CPU.ActiveCfg = Debug|Any CPU
		{C4F9BB20-04CB-1DF7-AB4A-C2F46D21B27A}.Debug|Any CPU.Build.0 = Debug|Any CPU
		{C4F9BB20-04CB-1DF7-AB4A-C2F46D21B27A}.Release|Any CPU.ActiveCfg = Release|Any CPU
		{C4F9BB20-04CB-1DF7-AB4A-C2F46D21B27A}.Release|Any CPU.Build.0 = Release|Any CPU
	EndGlobalSection
	GlobalSection(SolutionProperties) = preSolution
		HideSolutionNode = FALSE
	EndGlobalSection
	GlobalSection(MonoDevelopProperties) = preSolution
		StartupItem = Assembly-CSharp.csproj
	EndGlobalSection
EndGlobal
