
Microsoft Visual Studio Solution File, Format Version 11.00
# Visual Studio 2010
Project("{FAE04EC0-301F-11D3-BF4B-00C04F79EFBC}") = "CART415", "Assembly-CSharp.csproj", "{106805A1-9560-37A7-BE3B-9654A8E12193}"
EndProject
Project("{FAE04EC0-301F-11D3-BF4B-00C04F79EFBC}") = "CART415", "Assembly-CSharp-Editor.csproj", "{42843337-8E6D-BA01-57F3-0F74CD2B9F68}"
EndProject
Global
	GlobalSection(SolutionConfigurationPlatforms) = preSolution
		Debug|Any CPU = Debug|Any CPU
		Release|Any CPU = Release|Any CPU
	EndGlobalSection
	GlobalSection(ProjectConfigurationPlatforms) = postSolution
		{106805A1-9560-37A7-BE3B-9654A8E12193}.Debug|Any CPU.ActiveCfg = Debug|Any CPU
		{106805A1-9560-37A7-BE3B-9654A8E12193}.Debug|Any CPU.Build.0 = Debug|Any CPU
		{106805A1-9560-37A7-BE3B-9654A8E12193}.Release|Any CPU.ActiveCfg = Release|Any CPU
		{106805A1-9560-37A7-BE3B-9654A8E12193}.Release|Any CPU.Build.0 = Release|Any CPU
		{42843337-8E6D-BA01-57F3-0F74CD2B9F68}.Debug|Any CPU.ActiveCfg = Debug|Any CPU
		{42843337-8E6D-BA01-57F3-0F74CD2B9F68}.Debug|Any CPU.Build.0 = Debug|Any CPU
		{42843337-8E6D-BA01-57F3-0F74CD2B9F68}.Release|Any CPU.ActiveCfg = Release|Any CPU
		{42843337-8E6D-BA01-57F3-0F74CD2B9F68}.Release|Any CPU.Build.0 = Release|Any CPU
	EndGlobalSection
	GlobalSection(SolutionProperties) = preSolution
		HideSolutionNode = FALSE
	EndGlobalSection
	GlobalSection(MonoDevelopProperties) = preSolution
		StartupItem = Assembly-CSharp.csproj
	EndGlobalSection
EndGlobal
