
Microsoft Visual Studio Solution File, Format Version 12.00
# Visual Studio 2015
Project("{FAE04EC0-301F-11D3-BF4B-00C04F79EFBC}") = "Tank(s).CSharp", "Tank(s).CSharp.csproj", "{A637F2D6-B076-1EC5-6CFB-EBBDC5749C53}"
EndProject
Project("{FAE04EC0-301F-11D3-BF4B-00C04F79EFBC}") = "Tank(s).CSharp.Editor", "Tank(s).CSharp.Editor.csproj", "{B45D9FE3-0AA4-1A31-2890-63C9CEB81AA3}"
EndProject
Global
	GlobalSection(SolutionConfigurationPlatforms) = preSolution
		Debug|Any CPU = Debug|Any CPU
		Release|Any CPU = Release|Any CPU
	EndGlobalSection
	GlobalSection(ProjectConfigurationPlatforms) = postSolution
		{A637F2D6-B076-1EC5-6CFB-EBBDC5749C53}.Debug|Any CPU.ActiveCfg = Debug|Any CPU
		{A637F2D6-B076-1EC5-6CFB-EBBDC5749C53}.Debug|Any CPU.Build.0 = Debug|Any CPU
		{A637F2D6-B076-1EC5-6CFB-EBBDC5749C53}.Release|Any CPU.ActiveCfg = Release|Any CPU
		{A637F2D6-B076-1EC5-6CFB-EBBDC5749C53}.Release|Any CPU.Build.0 = Release|Any CPU
		{B45D9FE3-0AA4-1A31-2890-63C9CEB81AA3}.Debug|Any CPU.ActiveCfg = Debug|Any CPU
		{B45D9FE3-0AA4-1A31-2890-63C9CEB81AA3}.Debug|Any CPU.Build.0 = Debug|Any CPU
		{B45D9FE3-0AA4-1A31-2890-63C9CEB81AA3}.Release|Any CPU.ActiveCfg = Release|Any CPU
		{B45D9FE3-0AA4-1A31-2890-63C9CEB81AA3}.Release|Any CPU.Build.0 = Release|Any CPU
	EndGlobalSection
	GlobalSection(SolutionProperties) = preSolution
		HideSolutionNode = FALSE
	EndGlobalSection
EndGlobal
